
Microsoft Visual Studio Solution File, Format Version 12.00
# Visual Studio Version 16
VisualStudioVersion = 16.0.31702.278
MinimumVisualStudioVersion = 10.0.40219.1
Project("{8BC9CEB8-8B4A-11D0-8D11-00A0C91BC942}") = "client", "rpg_server_test\rpg_server_test.vcxproj", "{7F0B8AE3-79A8-4492-985D-A69770480A4E}"
	ProjectSection(ProjectDependencies) = postProject
		{64403D1C-5B38-4127-9832-0AFEF0FEAF73} = {64403D1C-5B38-4127-9832-0AFEF0FEAF73}
	EndProjectSection
EndProject
Project("{8BC9CEB8-8B4A-11D0-8D11-00A0C91BC942}") = "Server", "Server\Server.vcxproj", "{50C47D18-9EDC-4B3B-AAA6-42A9BB24A16A}"
EndProject
Project("{8BC9CEB8-8B4A-11D0-8D11-00A0C91BC942}") = "Socket", "Socket\Socket.vcxproj", "{92EE2284-4DD7-4AF4-B7DA-E522532AF5B7}"
EndProject
Project("{8BC9CEB8-8B4A-11D0-8D11-00A0C91BC942}") = "Protocol", "Protocol\Protocol.vcxproj", "{C26A82CA-7A03-4A41-B328-CC38EB550AEA}"
EndProject
Project("{8BC9CEB8-8B4A-11D0-8D11-00A0C91BC942}") = "Vec2", "Vec2\Vec2.vcxproj", "{4B8896D7-0995-4894-83BA-F9CF561FC18F}"
EndProject
Project("{8BC9CEB8-8B4A-11D0-8D11-00A0C91BC942}") = "Movable", "Movable\Movable.vcxproj", "{A26D8885-478A-4BCF-99C0-A2F3408C9A4C}"
	ProjectSection(ProjectDependencies) = postProject
		{64403D1C-5B38-4127-9832-0AFEF0FEAF73} = {64403D1C-5B38-4127-9832-0AFEF0FEAF73}
	EndProjectSection
EndProject
Project("{8BC9CEB8-8B4A-11D0-8D11-00A0C91BC942}") = "Utils", "Utils\Utils.vcxproj", "{64403D1C-5B38-4127-9832-0AFEF0FEAF73}"
EndProject
Project("{8BC9CEB8-8B4A-11D0-8D11-00A0C91BC942}") = "Message", "Message\Message.vcxproj", "{CEE0B7D1-FE55-49B8-A001-F75A03E5CCB5}"
EndProject
Project("{8BC9CEB8-8B4A-11D0-8D11-00A0C91BC942}") = "PlayerBase", "PlayerBase\PlayerBase.vcxproj", "{996CD473-FE86-4330-9E8F-267C552F6743}"
EndProject
Global
	GlobalSection(SolutionConfigurationPlatforms) = preSolution
		Debug|x64 = Debug|x64
		Debug|x86 = Debug|x86
		Release|x64 = Release|x64
		Release|x86 = Release|x86
	EndGlobalSection
	GlobalSection(ProjectConfigurationPlatforms) = postSolution
		{7F0B8AE3-79A8-4492-985D-A69770480A4E}.Debug|x64.ActiveCfg = Debug|x64
		{7F0B8AE3-79A8-4492-985D-A69770480A4E}.Debug|x64.Build.0 = Debug|x64
		{7F0B8AE3-79A8-4492-985D-A69770480A4E}.Debug|x86.ActiveCfg = Debug|Win32
		{7F0B8AE3-79A8-4492-985D-A69770480A4E}.Debug|x86.Build.0 = Debug|Win32
		{7F0B8AE3-79A8-4492-985D-A69770480A4E}.Release|x64.ActiveCfg = Release|x64
		{7F0B8AE3-79A8-4492-985D-A69770480A4E}.Release|x64.Build.0 = Release|x64
		{7F0B8AE3-79A8-4492-985D-A69770480A4E}.Release|x86.ActiveCfg = Release|Win32
		{7F0B8AE3-79A8-4492-985D-A69770480A4E}.Release|x86.Build.0 = Release|Win32
		{50C47D18-9EDC-4B3B-AAA6-42A9BB24A16A}.Debug|x64.ActiveCfg = Debug|x64
		{50C47D18-9EDC-4B3B-AAA6-42A9BB24A16A}.Debug|x64.Build.0 = Debug|x64
		{50C47D18-9EDC-4B3B-AAA6-42A9BB24A16A}.Debug|x86.ActiveCfg = Debug|Win32
		{50C47D18-9EDC-4B3B-AAA6-42A9BB24A16A}.Debug|x86.Build.0 = Debug|Win32
		{50C47D18-9EDC-4B3B-AAA6-42A9BB24A16A}.Release|x64.ActiveCfg = Release|x64
		{50C47D18-9EDC-4B3B-AAA6-42A9BB24A16A}.Release|x64.Build.0 = Release|x64
		{50C47D18-9EDC-4B3B-AAA6-42A9BB24A16A}.Release|x86.ActiveCfg = Release|Win32
		{50C47D18-9EDC-4B3B-AAA6-42A9BB24A16A}.Release|x86.Build.0 = Release|Win32
		{92EE2284-4DD7-4AF4-B7DA-E522532AF5B7}.Debug|x64.ActiveCfg = Debug|x64
		{92EE2284-4DD7-4AF4-B7DA-E522532AF5B7}.Debug|x64.Build.0 = Debug|x64
		{92EE2284-4DD7-4AF4-B7DA-E522532AF5B7}.Debug|x86.ActiveCfg = Debug|Win32
		{92EE2284-4DD7-4AF4-B7DA-E522532AF5B7}.Debug|x86.Build.0 = Debug|Win32
		{92EE2284-4DD7-4AF4-B7DA-E522532AF5B7}.Release|x64.ActiveCfg = Release|x64
		{92EE2284-4DD7-4AF4-B7DA-E522532AF5B7}.Release|x64.Build.0 = Release|x64
		{92EE2284-4DD7-4AF4-B7DA-E522532AF5B7}.Release|x86.ActiveCfg = Release|Win32
		{92EE2284-4DD7-4AF4-B7DA-E522532AF5B7}.Release|x86.Build.0 = Release|Win32
		{C26A82CA-7A03-4A41-B328-CC38EB550AEA}.Debug|x64.ActiveCfg = Debug|x64
		{C26A82CA-7A03-4A41-B328-CC38EB550AEA}.Debug|x64.Build.0 = Debug|x64
		{C26A82CA-7A03-4A41-B328-CC38EB550AEA}.Debug|x86.ActiveCfg = Debug|Win32
		{C26A82CA-7A03-4A41-B328-CC38EB550AEA}.Debug|x86.Build.0 = Debug|Win32
		{C26A82CA-7A03-4A41-B328-CC38EB550AEA}.Release|x64.ActiveCfg = Release|x64
		{C26A82CA-7A03-4A41-B328-CC38EB550AEA}.Release|x64.Build.0 = Release|x64
		{C26A82CA-7A03-4A41-B328-CC38EB550AEA}.Release|x86.ActiveCfg = Release|Win32
		{C26A82CA-7A03-4A41-B328-CC38EB550AEA}.Release|x86.Build.0 = Release|Win32
		{4B8896D7-0995-4894-83BA-F9CF561FC18F}.Debug|x64.ActiveCfg = Debug|x64
		{4B8896D7-0995-4894-83BA-F9CF561FC18F}.Debug|x64.Build.0 = Debug|x64
		{4B8896D7-0995-4894-83BA-F9CF561FC18F}.Debug|x86.ActiveCfg = Debug|Win32
		{4B8896D7-0995-4894-83BA-F9CF561FC18F}.Debug|x86.Build.0 = Debug|Win32
		{4B8896D7-0995-4894-83BA-F9CF561FC18F}.Release|x64.ActiveCfg = Release|x64
		{4B8896D7-0995-4894-83BA-F9CF561FC18F}.Release|x64.Build.0 = Release|x64
		{4B8896D7-0995-4894-83BA-F9CF561FC18F}.Release|x86.ActiveCfg = Release|Win32
		{4B8896D7-0995-4894-83BA-F9CF561FC18F}.Release|x86.Build.0 = Release|Win32
		{A26D8885-478A-4BCF-99C0-A2F3408C9A4C}.Debug|x64.ActiveCfg = Debug|x64
		{A26D8885-478A-4BCF-99C0-A2F3408C9A4C}.Debug|x64.Build.0 = Debug|x64
		{A26D8885-478A-4BCF-99C0-A2F3408C9A4C}.Debug|x86.ActiveCfg = Debug|Win32
		{A26D8885-478A-4BCF-99C0-A2F3408C9A4C}.Debug|x86.Build.0 = Debug|Win32
		{A26D8885-478A-4BCF-99C0-A2F3408C9A4C}.Release|x64.ActiveCfg = Release|x64
		{A26D8885-478A-4BCF-99C0-A2F3408C9A4C}.Release|x64.Build.0 = Release|x64
		{A26D8885-478A-4BCF-99C0-A2F3408C9A4C}.Release|x86.ActiveCfg = Release|Win32
		{A26D8885-478A-4BCF-99C0-A2F3408C9A4C}.Release|x86.Build.0 = Release|Win32
		{64403D1C-5B38-4127-9832-0AFEF0FEAF73}.Debug|x64.ActiveCfg = Debug|x64
		{64403D1C-5B38-4127-9832-0AFEF0FEAF73}.Debug|x64.Build.0 = Debug|x64
		{64403D1C-5B38-4127-9832-0AFEF0FEAF73}.Debug|x86.ActiveCfg = Debug|Win32
		{64403D1C-5B38-4127-9832-0AFEF0FEAF73}.Debug|x86.Build.0 = Debug|Win32
		{64403D1C-5B38-4127-9832-0AFEF0FEAF73}.Release|x64.ActiveCfg = Release|x64
		{64403D1C-5B38-4127-9832-0AFEF0FEAF73}.Release|x64.Build.0 = Release|x64
		{64403D1C-5B38-4127-9832-0AFEF0FEAF73}.Release|x86.ActiveCfg = Release|Win32
		{64403D1C-5B38-4127-9832-0AFEF0FEAF73}.Release|x86.Build.0 = Release|Win32
		{CEE0B7D1-FE55-49B8-A001-F75A03E5CCB5}.Debug|x64.ActiveCfg = Debug|x64
		{CEE0B7D1-FE55-49B8-A001-F75A03E5CCB5}.Debug|x64.Build.0 = Debug|x64
		{CEE0B7D1-FE55-49B8-A001-F75A03E5CCB5}.Debug|x86.ActiveCfg = Debug|Win32
		{CEE0B7D1-FE55-49B8-A001-F75A03E5CCB5}.Debug|x86.Build.0 = Debug|Win32
		{CEE0B7D1-FE55-49B8-A001-F75A03E5CCB5}.Release|x64.ActiveCfg = Release|x64
		{CEE0B7D1-FE55-49B8-A001-F75A03E5CCB5}.Release|x64.Build.0 = Release|x64
		{CEE0B7D1-FE55-49B8-A001-F75A03E5CCB5}.Release|x86.ActiveCfg = Release|Win32
		{CEE0B7D1-FE55-49B8-A001-F75A03E5CCB5}.Release|x86.Build.0 = Release|Win32
		{996CD473-FE86-4330-9E8F-267C552F6743}.Debug|x64.ActiveCfg = Debug|x64
		{996CD473-FE86-4330-9E8F-267C552F6743}.Debug|x64.Build.0 = Debug|x64
		{996CD473-FE86-4330-9E8F-267C552F6743}.Debug|x86.ActiveCfg = Debug|Win32
		{996CD473-FE86-4330-9E8F-267C552F6743}.Debug|x86.Build.0 = Debug|Win32
		{996CD473-FE86-4330-9E8F-267C552F6743}.Release|x64.ActiveCfg = Release|x64
		{996CD473-FE86-4330-9E8F-267C552F6743}.Release|x64.Build.0 = Release|x64
		{996CD473-FE86-4330-9E8F-267C552F6743}.Release|x86.ActiveCfg = Release|Win32
		{996CD473-FE86-4330-9E8F-267C552F6743}.Release|x86.Build.0 = Release|Win32
	EndGlobalSection
	GlobalSection(SolutionProperties) = preSolution
		HideSolutionNode = FALSE
	EndGlobalSection
	GlobalSection(ExtensibilityGlobals) = postSolution
		SolutionGuid = {F691974A-9C2E-4FC9-8909-FD1E12EED3DB}
	EndGlobalSection
EndGlobal
