
Microsoft Visual Studio Solution File, Format Version 12.00
# Visual Studio Version 16
VisualStudioVersion = 16.0.31702.278
MinimumVisualStudioVersion = 10.0.40219.1
Project("{8BC9CEB8-8B4A-11D0-8D11-00A0C91BC942}") = "Client", "rpg_server_test\rpg_server_test.vcxproj", "{7F0B8AE3-79A8-4492-985D-A69770480A4E}"
	ProjectSection(ProjectDependencies) = postProject
		{64403D1C-5B38-4127-9832-0AFEF0FEAF73} = {64403D1C-5B38-4127-9832-0AFEF0FEAF73}
	EndProjectSection
EndProject
Project("{8BC9CEB8-8B4A-11D0-8D11-00A0C91BC942}") = "Server", "Server\Server.vcxproj", "{50C47D18-9EDC-4B3B-AAA6-42A9BB24A16A}"
	ProjectSection(ProjectDependencies) = postProject
		{64403D1C-5B38-4127-9832-0AFEF0FEAF73} = {64403D1C-5B38-4127-9832-0AFEF0FEAF73}
	EndProjectSection
EndProject
Project("{8BC9CEB8-8B4A-11D0-8D11-00A0C91BC942}") = "Socket", "Socket\Socket.vcxproj", "{92EE2284-4DD7-4AF4-B7DA-E522532AF5B7}"
EndProject
Project("{8BC9CEB8-8B4A-11D0-8D11-00A0C91BC942}") = "Protocol", "Protocol\Protocol.vcxproj", "{C26A82CA-7A03-4A41-B328-CC38EB550AEA}"
EndProject
Project("{8BC9CEB8-8B4A-11D0-8D11-00A0C91BC942}") = "Vec2", "Vec2\Vec2.vcxproj", "{4B8896D7-0995-4894-83BA-F9CF561FC18F}"
EndProject
Project("{8BC9CEB8-8B4A-11D0-8D11-00A0C91BC942}") = "Utils", "Utils\Utils.vcxproj", "{64403D1C-5B38-4127-9832-0AFEF0FEAF73}"
EndProject
Project("{8BC9CEB8-8B4A-11D0-8D11-00A0C91BC942}") = "Message", "Message\Message.vcxproj", "{CEE0B7D1-FE55-49B8-A001-F75A03E5CCB5}"
EndProject
Project("{8BC9CEB8-8B4A-11D0-8D11-00A0C91BC942}") = "KeyManager", "KeyManager\KeyManager.vcxproj", "{C11D2ABB-9BE4-45AC-84AC-8F3CEA2E1606}"
EndProject
Project("{8BC9CEB8-8B4A-11D0-8D11-00A0C91BC942}") = "Screen", "Screen\Screen.vcxproj", "{18C5B4F0-5A2F-4AE8-94C0-0EF6F63B92D0}"
EndProject
Project("{8BC9CEB8-8B4A-11D0-8D11-00A0C91BC942}") = "FrameManager", "FrameManager\FrameManager.vcxproj", "{48C349BA-10DC-4399-A119-DA4A26DC2FDB}"
EndProject
Project("{8BC9CEB8-8B4A-11D0-8D11-00A0C91BC942}") = "Database", "Database\Database.vcxproj", "{CAD1E0A2-3A2F-4BD3-A826-0AB2DB57EDDD}"
EndProject
Project("{8BC9CEB8-8B4A-11D0-8D11-00A0C91BC942}") = "FileIO", "FileIO\FileIO.vcxproj", "{99AA115E-001B-4700-8676-EAFFC80F6D04}"
EndProject
Global
	GlobalSection(SolutionConfigurationPlatforms) = preSolution
		Debug|x64 = Debug|x64
		Debug|x86 = Debug|x86
		Release|x64 = Release|x64
		Release|x86 = Release|x86
	EndGlobalSection
	GlobalSection(ProjectConfigurationPlatforms) = postSolution
		{7F0B8AE3-79A8-4492-985D-A69770480A4E}.Debug|x64.ActiveCfg = Debug|x64
		{7F0B8AE3-79A8-4492-985D-A69770480A4E}.Debug|x64.Build.0 = Debug|x64
		{7F0B8AE3-79A8-4492-985D-A69770480A4E}.Debug|x86.ActiveCfg = Debug|Win32
		{7F0B8AE3-79A8-4492-985D-A69770480A4E}.Debug|x86.Build.0 = Debug|Win32
		{7F0B8AE3-79A8-4492-985D-A69770480A4E}.Release|x64.ActiveCfg = Release|x64
		{7F0B8AE3-79A8-4492-985D-A69770480A4E}.Release|x64.Build.0 = Release|x64
		{7F0B8AE3-79A8-4492-985D-A69770480A4E}.Release|x86.ActiveCfg = Release|Win32
		{7F0B8AE3-79A8-4492-985D-A69770480A4E}.Release|x86.Build.0 = Release|Win32
		{50C47D18-9EDC-4B3B-AAA6-42A9BB24A16A}.Debug|x64.ActiveCfg = Debug|x64
		{50C47D18-9EDC-4B3B-AAA6-42A9BB24A16A}.Debug|x64.Build.0 = Debug|x64
		{50C47D18-9EDC-4B3B-AAA6-42A9BB24A16A}.Debug|x86.ActiveCfg = Debug|Win32
		{50C47D18-9EDC-4B3B-AAA6-42A9BB24A16A}.Debug|x86.Build.0 = Debug|Win32
		{50C47D18-9EDC-4B3B-AAA6-42A9BB24A16A}.Release|x64.ActiveCfg = Release|x64
		{50C47D18-9EDC-4B3B-AAA6-42A9BB24A16A}.Release|x64.Build.0 = Release|x64
		{50C47D18-9EDC-4B3B-AAA6-42A9BB24A16A}.Release|x86.ActiveCfg = Release|Win32
		{50C47D18-9EDC-4B3B-AAA6-42A9BB24A16A}.Release|x86.Build.0 = Release|Win32
		{92EE2284-4DD7-4AF4-B7DA-E522532AF5B7}.Debug|x64.ActiveCfg = Debug|x64
		{92EE2284-4DD7-4AF4-B7DA-E522532AF5B7}.Debug|x64.Build.0 = Debug|x64
		{92EE2284-4DD7-4AF4-B7DA-E522532AF5B7}.Debug|x86.ActiveCfg = Debug|Win32
		{92EE2284-4DD7-4AF4-B7DA-E522532AF5B7}.Debug|x86.Build.0 = Debug|Win32
		{92EE2284-4DD7-4AF4-B7DA-E522532AF5B7}.Release|x64.ActiveCfg = Release|x64
		{92EE2284-4DD7-4AF4-B7DA-E522532AF5B7}.Release|x64.Build.0 = Release|x64
		{92EE2284-4DD7-4AF4-B7DA-E522532AF5B7}.Release|x86.ActiveCfg = Release|Win32
		{92EE2284-4DD7-4AF4-B7DA-E522532AF5B7}.Release|x86.Build.0 = Release|Win32
		{C26A82CA-7A03-4A41-B328-CC38EB550AEA}.Debug|x64.ActiveCfg = Debug|x64
		{C26A82CA-7A03-4A41-B328-CC38EB550AEA}.Debug|x64.Build.0 = Debug|x64
		{C26A82CA-7A03-4A41-B328-CC38EB550AEA}.Debug|x86.ActiveCfg = Debug|Win32
		{C26A82CA-7A03-4A41-B328-CC38EB550AEA}.Debug|x86.Build.0 = Debug|Win32
		{C26A82CA-7A03-4A41-B328-CC38EB550AEA}.Release|x64.ActiveCfg = Release|x64
		{C26A82CA-7A03-4A41-B328-CC38EB550AEA}.Release|x64.Build.0 = Release|x64
		{C26A82CA-7A03-4A41-B328-CC38EB550AEA}.Release|x86.ActiveCfg = Release|Win32
		{C26A82CA-7A03-4A41-B328-CC38EB550AEA}.Release|x86.Build.0 = Release|Win32
		{4B8896D7-0995-4894-83BA-F9CF561FC18F}.Debug|x64.ActiveCfg = Debug|x64
		{4B8896D7-0995-4894-83BA-F9CF561FC18F}.Debug|x64.Build.0 = Debug|x64
		{4B8896D7-0995-4894-83BA-F9CF561FC18F}.Debug|x86.ActiveCfg = Debug|Win32
		{4B8896D7-0995-4894-83BA-F9CF561FC18F}.Debug|x86.Build.0 = Debug|Win32
		{4B8896D7-0995-4894-83BA-F9CF561FC18F}.Release|x64.ActiveCfg = Release|x64
		{4B8896D7-0995-4894-83BA-F9CF561FC18F}.Release|x64.Build.0 = Release|x64
		{4B8896D7-0995-4894-83BA-F9CF561FC18F}.Release|x86.ActiveCfg = Release|Win32
		{4B8896D7-0995-4894-83BA-F9CF561FC18F}.Release|x86.Build.0 = Release|Win32
		{64403D1C-5B38-4127-9832-0AFEF0FEAF73}.Debug|x64.ActiveCfg = Debug|x64
		{64403D1C-5B38-4127-9832-0AFEF0FEAF73}.Debug|x64.Build.0 = Debug|x64
		{64403D1C-5B38-4127-9832-0AFEF0FEAF73}.Debug|x86.ActiveCfg = Debug|Win32
		{64403D1C-5B38-4127-9832-0AFEF0FEAF73}.Debug|x86.Build.0 = Debug|Win32
		{64403D1C-5B38-4127-9832-0AFEF0FEAF73}.Release|x64.ActiveCfg = Release|x64
		{64403D1C-5B38-4127-9832-0AFEF0FEAF73}.Release|x64.Build.0 = Release|x64
		{64403D1C-5B38-4127-9832-0AFEF0FEAF73}.Release|x86.ActiveCfg = Release|Win32
		{64403D1C-5B38-4127-9832-0AFEF0FEAF73}.Release|x86.Build.0 = Release|Win32
		{CEE0B7D1-FE55-49B8-A001-F75A03E5CCB5}.Debug|x64.ActiveCfg = Debug|x64
		{CEE0B7D1-FE55-49B8-A001-F75A03E5CCB5}.Debug|x64.Build.0 = Debug|x64
		{CEE0B7D1-FE55-49B8-A001-F75A03E5CCB5}.Debug|x86.ActiveCfg = Debug|Win32
		{CEE0B7D1-FE55-49B8-A001-F75A03E5CCB5}.Debug|x86.Build.0 = Debug|Win32
		{CEE0B7D1-FE55-49B8-A001-F75A03E5CCB5}.Release|x64.ActiveCfg = Release|x64
		{CEE0B7D1-FE55-49B8-A001-F75A03E5CCB5}.Release|x64.Build.0 = Release|x64
		{CEE0B7D1-FE55-49B8-A001-F75A03E5CCB5}.Release|x86.ActiveCfg = Release|Win32
		{CEE0B7D1-FE55-49B8-A001-F75A03E5CCB5}.Release|x86.Build.0 = Release|Win32
		{C11D2ABB-9BE4-45AC-84AC-8F3CEA2E1606}.Debug|x64.ActiveCfg = Debug|x64
		{C11D2ABB-9BE4-45AC-84AC-8F3CEA2E1606}.Debug|x64.Build.0 = Debug|x64
		{C11D2ABB-9BE4-45AC-84AC-8F3CEA2E1606}.Debug|x86.ActiveCfg = Debug|Win32
		{C11D2ABB-9BE4-45AC-84AC-8F3CEA2E1606}.Debug|x86.Build.0 = Debug|Win32
		{C11D2ABB-9BE4-45AC-84AC-8F3CEA2E1606}.Release|x64.ActiveCfg = Release|x64
		{C11D2ABB-9BE4-45AC-84AC-8F3CEA2E1606}.Release|x64.Build.0 = Release|x64
		{C11D2ABB-9BE4-45AC-84AC-8F3CEA2E1606}.Release|x86.ActiveCfg = Release|Win32
		{C11D2ABB-9BE4-45AC-84AC-8F3CEA2E1606}.Release|x86.Build.0 = Release|Win32
		{18C5B4F0-5A2F-4AE8-94C0-0EF6F63B92D0}.Debug|x64.ActiveCfg = Debug|x64
		{18C5B4F0-5A2F-4AE8-94C0-0EF6F63B92D0}.Debug|x64.Build.0 = Debug|x64
		{18C5B4F0-5A2F-4AE8-94C0-0EF6F63B92D0}.Debug|x86.ActiveCfg = Debug|Win32
		{18C5B4F0-5A2F-4AE8-94C0-0EF6F63B92D0}.Debug|x86.Build.0 = Debug|Win32
		{18C5B4F0-5A2F-4AE8-94C0-0EF6F63B92D0}.Release|x64.ActiveCfg = Release|x64
		{18C5B4F0-5A2F-4AE8-94C0-0EF6F63B92D0}.Release|x64.Build.0 = Release|x64
		{18C5B4F0-5A2F-4AE8-94C0-0EF6F63B92D0}.Release|x86.ActiveCfg = Release|Win32
		{18C5B4F0-5A2F-4AE8-94C0-0EF6F63B92D0}.Release|x86.Build.0 = Release|Win32
		{48C349BA-10DC-4399-A119-DA4A26DC2FDB}.Debug|x64.ActiveCfg = Debug|x64
		{48C349BA-10DC-4399-A119-DA4A26DC2FDB}.Debug|x64.Build.0 = Debug|x64
		{48C349BA-10DC-4399-A119-DA4A26DC2FDB}.Debug|x86.ActiveCfg = Debug|Win32
		{48C349BA-10DC-4399-A119-DA4A26DC2FDB}.Debug|x86.Build.0 = Debug|Win32
		{48C349BA-10DC-4399-A119-DA4A26DC2FDB}.Release|x64.ActiveCfg = Release|x64
		{48C349BA-10DC-4399-A119-DA4A26DC2FDB}.Release|x64.Build.0 = Release|x64
		{48C349BA-10DC-4399-A119-DA4A26DC2FDB}.Release|x86.ActiveCfg = Release|Win32
		{48C349BA-10DC-4399-A119-DA4A26DC2FDB}.Release|x86.Build.0 = Release|Win32
		{CAD1E0A2-3A2F-4BD3-A826-0AB2DB57EDDD}.Debug|x64.ActiveCfg = Debug|x64
		{CAD1E0A2-3A2F-4BD3-A826-0AB2DB57EDDD}.Debug|x64.Build.0 = Debug|x64
		{CAD1E0A2-3A2F-4BD3-A826-0AB2DB57EDDD}.Debug|x86.ActiveCfg = Debug|Win32
		{CAD1E0A2-3A2F-4BD3-A826-0AB2DB57EDDD}.Debug|x86.Build.0 = Debug|Win32
		{CAD1E0A2-3A2F-4BD3-A826-0AB2DB57EDDD}.Release|x64.ActiveCfg = Release|x64
		{CAD1E0A2-3A2F-4BD3-A826-0AB2DB57EDDD}.Release|x64.Build.0 = Release|x64
		{CAD1E0A2-3A2F-4BD3-A826-0AB2DB57EDDD}.Release|x86.ActiveCfg = Release|Win32
		{CAD1E0A2-3A2F-4BD3-A826-0AB2DB57EDDD}.Release|x86.Build.0 = Release|Win32
		{99AA115E-001B-4700-8676-EAFFC80F6D04}.Debug|x64.ActiveCfg = Debug|x64
		{99AA115E-001B-4700-8676-EAFFC80F6D04}.Debug|x64.Build.0 = Debug|x64
		{99AA115E-001B-4700-8676-EAFFC80F6D04}.Debug|x86.ActiveCfg = Debug|Win32
		{99AA115E-001B-4700-8676-EAFFC80F6D04}.Debug|x86.Build.0 = Debug|Win32
		{99AA115E-001B-4700-8676-EAFFC80F6D04}.Release|x64.ActiveCfg = Release|x64
		{99AA115E-001B-4700-8676-EAFFC80F6D04}.Release|x64.Build.0 = Release|x64
		{99AA115E-001B-4700-8676-EAFFC80F6D04}.Release|x86.ActiveCfg = Release|Win32
		{99AA115E-001B-4700-8676-EAFFC80F6D04}.Release|x86.Build.0 = Release|Win32
	EndGlobalSection
	GlobalSection(SolutionProperties) = preSolution
		HideSolutionNode = FALSE
	EndGlobalSection
	GlobalSection(ExtensibilityGlobals) = postSolution
		SolutionGuid = {F691974A-9C2E-4FC9-8909-FD1E12EED3DB}
	EndGlobalSection
EndGlobal
